
Microsoft Visual Studio Solution File, Format Version 12.00
# Visual Studio Version 17
VisualStudioVersion = 17.4.33122.133
MinimumVisualStudioVersion = 10.0.40219.1
Project("{FAE04EC0-301F-11D3-BF4B-00C04F79EFBC}") = "Parkir2", "Parkir2\Parkir2.csproj", "{FC1C8F87-C044-4529-B39B-E745C2199FBF}"
EndProject
Global
	GlobalSection(SolutionConfigurationPlatforms) = preSolution
		Debug|Any CPU = Debug|Any CPU
		Release|Any CPU = Release|Any CPU
	EndGlobalSection
	GlobalSection(ProjectConfigurationPlatforms) = postSolution
		{FC1C8F87-C044-4529-B39B-E745C2199FBF}.Debug|Any CPU.ActiveCfg = Debug|Any CPU
		{FC1C8F87-C044-4529-B39B-E745C2199FBF}.Debug|Any CPU.Build.0 = Debug|Any CPU
		{FC1C8F87-C044-4529-B39B-E745C2199FBF}.Release|Any CPU.ActiveCfg = Release|Any CPU
		{FC1C8F87-C044-4529-B39B-E745C2199FBF}.Release|Any CPU.Build.0 = Release|Any CPU
	EndGlobalSection
	GlobalSection(SolutionProperties) = preSolution
		HideSolutionNode = FALSE
	EndGlobalSection
	GlobalSection(ExtensibilityGlobals) = postSolution
		SolutionGuid = {663CF86F-8A52-4DDE-A6B6-CEBAA23C181B}
	EndGlobalSection
EndGlobal
